
Microsoft Visual Studio Solution File, Format Version 12.00
# Visual Studio Version 17
VisualStudioVersion = 17.5.002.0
MinimumVisualStudioVersion = 10.0.40219.1
Project("{2150E333-8FDC-42A3-9474-1A3956D46DE8}") = "csharp-prep", "csharp-prep", "{63DA0DBC-3FE5-46EF-BE39-51F6E59BF816}"
EndProject
Project("{9A19103F-16F7-4668-BE54-9A1E7A4F7556}") = "Prep1", "csharp-prep\Prep1\Prep1.csproj", "{63336681-0DCA-49C1-B7B9-97B7B3CA61BD}"
EndProject
Project("{9A19103F-16F7-4668-BE54-9A1E7A4F7556}") = "Prep2", "csharp-prep\Prep2\Prep2.csproj", "{3776585E-1EEC-4FF4-873B-A29220C51C1B}"
EndProject
Project("{9A19103F-16F7-4668-BE54-9A1E7A4F7556}") = "Prep3", "csharp-prep\Prep3\Prep3.csproj", "{1F254D67-D1E1-4BC5-8BD6-FE2756F429A3}"
EndProject
Project("{9A19103F-16F7-4668-BE54-9A1E7A4F7556}") = "Prep4", "csharp-prep\Prep4\Prep4.csproj", "{693BD42B-F422-4FCE-B96C-521F8D0A8CDC}"
EndProject
Project("{9A19103F-16F7-4668-BE54-9A1E7A4F7556}") = "Prep5", "csharp-prep\Prep5\Prep5.csproj", "{13B97BFC-F7AC-413B-8BE8-3AD464C4A25D}"
EndProject
Project("{2150E333-8FDC-42A3-9474-1A3956D46DE8}") = "final", "final", "{5FBA99E3-DE65-4C26-AB5D-84B96A2A0F6A}"
EndProject
Project("{9A19103F-16F7-4668-BE54-9A1E7A4F7556}") = "FinalProject", "final\FinalProject\FinalProject.csproj", "{345629EE-35FA-4774-A640-984BFD30DC40}"
EndProject
Project("{9A19103F-16F7-4668-BE54-9A1E7A4F7556}") = "Foundation1", "final\Foundation1\Foundation1.csproj", "{8E301D97-A00D-41D8-9748-624EB3F5DC3B}"
EndProject
Project("{9A19103F-16F7-4668-BE54-9A1E7A4F7556}") = "Foundation2", "final\Foundation2\Foundation2.csproj", "{EF08B54D-CE3F-4444-83B9-9C14A9FB00E4}"
EndProject
Project("{9A19103F-16F7-4668-BE54-9A1E7A4F7556}") = "Foundation3", "final\Foundation3\Foundation3.csproj", "{B84CCD4F-E331-4CBC-A017-D83BB758AB42}"
EndProject
Project("{9A19103F-16F7-4668-BE54-9A1E7A4F7556}") = "Foundation4", "final\Foundation4\Foundation4.csproj", "{E7AD46E1-587C-4382-943D-DCC2EC2975CA}"
EndProject
Project("{2150E333-8FDC-42A3-9474-1A3956D46DE8}") = "prepare", "prepare", "{65226D35-F12D-4188-9628-1E1F10D97005}"
EndProject
Project("{9A19103F-16F7-4668-BE54-9A1E7A4F7556}") = "Learning02", "prepare\Learning02\Learning02.csproj", "{D9AD0AFF-03B7-4FD5-9431-7BCDCD381E7C}"
EndProject
Project("{9A19103F-16F7-4668-BE54-9A1E7A4F7556}") = "Learning03", "prepare\Learning03\Learning03.csproj", "{07782A05-6498-4B90-82CB-58C677C729F8}"
EndProject
Project("{9A19103F-16F7-4668-BE54-9A1E7A4F7556}") = "Learning04", "prepare\Learning04\Learning04.csproj", "{A4C07BFB-5085-47B8-8129-697D6498FCA5}"
EndProject
Project("{9A19103F-16F7-4668-BE54-9A1E7A4F7556}") = "Learning05", "prepare\Learning05\Learning05.csproj", "{63E742F0-D2B0-4F7D-8296-CFC6C899E3CC}"
EndProject
Project("{2150E333-8FDC-42A3-9474-1A3956D46DE8}") = "prove", "prove", "{9058C327-3198-48E6-842D-32AE1E04D61C}"
EndProject
Project("{9A19103F-16F7-4668-BE54-9A1E7A4F7556}") = "Develop02", "prove\Develop02\Develop02.csproj", "{FCEB66EB-1F12-4074-9EBE-3345513465B4}"
EndProject
Project("{9A19103F-16F7-4668-BE54-9A1E7A4F7556}") = "Develop03", "prove\Develop03\Develop03.csproj", "{D0135016-58BA-48B3-A6CA-1F017C5E0B73}"
EndProject
Project("{9A19103F-16F7-4668-BE54-9A1E7A4F7556}") = "Develop04", "prove\Develop04\Develop04.csproj", "{C6ADBD65-CC1C-4DC1-8984-CFC9E504961B}"
EndProject
Project("{9A19103F-16F7-4668-BE54-9A1E7A4F7556}") = "Develop05", "prove\Develop05\Develop05.csproj", "{3D38B2E5-F655-4087-8F3A-5384D80AD91E}"
EndProject
Project("{2150E333-8FDC-42A3-9474-1A3956D46DE8}") = "sandbox", "sandbox", "{79C0C7D8-969B-40A0-88FA-158197377388}"
EndProject
Project("{9A19103F-16F7-4668-BE54-9A1E7A4F7556}") = "Sandbox", "sandbox\Sandbox\Sandbox.csproj", "{0AC27459-534C-4527-A7B3-4912AEAF9BB1}"
EndProject
Global
	GlobalSection(SolutionConfigurationPlatforms) = preSolution
		Debug|Any CPU = Debug|Any CPU
		Release|Any CPU = Release|Any CPU
	EndGlobalSection
	GlobalSection(ProjectConfigurationPlatforms) = postSolution
		{63336681-0DCA-49C1-B7B9-97B7B3CA61BD}.Debug|Any CPU.ActiveCfg = Debug|Any CPU
		{63336681-0DCA-49C1-B7B9-97B7B3CA61BD}.Debug|Any CPU.Build.0 = Debug|Any CPU
		{63336681-0DCA-49C1-B7B9-97B7B3CA61BD}.Release|Any CPU.ActiveCfg = Release|Any CPU
		{63336681-0DCA-49C1-B7B9-97B7B3CA61BD}.Release|Any CPU.Build.0 = Release|Any CPU
		{3776585E-1EEC-4FF4-873B-A29220C51C1B}.Debug|Any CPU.ActiveCfg = Debug|Any CPU
		{3776585E-1EEC-4FF4-873B-A29220C51C1B}.Debug|Any CPU.Build.0 = Debug|Any CPU
		{3776585E-1EEC-4FF4-873B-A29220C51C1B}.Release|Any CPU.ActiveCfg = Release|Any CPU
		{3776585E-1EEC-4FF4-873B-A29220C51C1B}.Release|Any CPU.Build.0 = Release|Any CPU
		{1F254D67-D1E1-4BC5-8BD6-FE2756F429A3}.Debug|Any CPU.ActiveCfg = Debug|Any CPU
		{1F254D67-D1E1-4BC5-8BD6-FE2756F429A3}.Debug|Any CPU.Build.0 = Debug|Any CPU
		{1F254D67-D1E1-4BC5-8BD6-FE2756F429A3}.Release|Any CPU.ActiveCfg = Release|Any CPU
		{1F254D67-D1E1-4BC5-8BD6-FE2756F429A3}.Release|Any CPU.Build.0 = Release|Any CPU
		{693BD42B-F422-4FCE-B96C-521F8D0A8CDC}.Debug|Any CPU.ActiveCfg = Debug|Any CPU
		{693BD42B-F422-4FCE-B96C-521F8D0A8CDC}.Debug|Any CPU.Build.0 = Debug|Any CPU
		{693BD42B-F422-4FCE-B96C-521F8D0A8CDC}.Release|Any CPU.ActiveCfg = Release|Any CPU
		{693BD42B-F422-4FCE-B96C-521F8D0A8CDC}.Release|Any CPU.Build.0 = Release|Any CPU
		{13B97BFC-F7AC-413B-8BE8-3AD464C4A25D}.Debug|Any CPU.ActiveCfg = Debug|Any CPU
		{13B97BFC-F7AC-413B-8BE8-3AD464C4A25D}.Debug|Any CPU.Build.0 = Debug|Any CPU
		{13B97BFC-F7AC-413B-8BE8-3AD464C4A25D}.Release|Any CPU.ActiveCfg = Release|Any CPU
		{13B97BFC-F7AC-413B-8BE8-3AD464C4A25D}.Release|Any CPU.Build.0 = Release|Any CPU
		{345629EE-35FA-4774-A640-984BFD30DC40}.Debug|Any CPU.ActiveCfg = Debug|Any CPU
		{345629EE-35FA-4774-A640-984BFD30DC40}.Debug|Any CPU.Build.0 = Debug|Any CPU
		{345629EE-35FA-4774-A640-984BFD30DC40}.Release|Any CPU.ActiveCfg = Release|Any CPU
		{345629EE-35FA-4774-A640-984BFD30DC40}.Release|Any CPU.Build.0 = Release|Any CPU
		{8E301D97-A00D-41D8-9748-624EB3F5DC3B}.Debug|Any CPU.ActiveCfg = Debug|Any CPU
		{8E301D97-A00D-41D8-9748-624EB3F5DC3B}.Debug|Any CPU.Build.0 = Debug|Any CPU
		{8E301D97-A00D-41D8-9748-624EB3F5DC3B}.Release|Any CPU.ActiveCfg = Release|Any CPU
		{8E301D97-A00D-41D8-9748-624EB3F5DC3B}.Release|Any CPU.Build.0 = Release|Any CPU
		{EF08B54D-CE3F-4444-83B9-9C14A9FB00E4}.Debug|Any CPU.ActiveCfg = Debug|Any CPU
		{EF08B54D-CE3F-4444-83B9-9C14A9FB00E4}.Debug|Any CPU.Build.0 = Debug|Any CPU
		{EF08B54D-CE3F-4444-83B9-9C14A9FB00E4}.Release|Any CPU.ActiveCfg = Release|Any CPU
		{EF08B54D-CE3F-4444-83B9-9C14A9FB00E4}.Release|Any CPU.Build.0 = Release|Any CPU
		{B84CCD4F-E331-4CBC-A017-D83BB758AB42}.Debug|Any CPU.ActiveCfg = Debug|Any CPU
		{B84CCD4F-E331-4CBC-A017-D83BB758AB42}.Debug|Any CPU.Build.0 = Debug|Any CPU
		{B84CCD4F-E331-4CBC-A017-D83BB758AB42}.Release|Any CPU.ActiveCfg = Release|Any CPU
		{B84CCD4F-E331-4CBC-A017-D83BB758AB42}.Release|Any CPU.Build.0 = Release|Any CPU
		{E7AD46E1-587C-4382-943D-DCC2EC2975CA}.Debug|Any CPU.ActiveCfg = Debug|Any CPU
		{E7AD46E1-587C-4382-943D-DCC2EC2975CA}.Debug|Any CPU.Build.0 = Debug|Any CPU
		{E7AD46E1-587C-4382-943D-DCC2EC2975CA}.Release|Any CPU.ActiveCfg = Release|Any CPU
		{E7AD46E1-587C-4382-943D-DCC2EC2975CA}.Release|Any CPU.Build.0 = Release|Any CPU
		{D9AD0AFF-03B7-4FD5-9431-7BCDCD381E7C}.Debug|Any CPU.ActiveCfg = Debug|Any CPU
		{D9AD0AFF-03B7-4FD5-9431-7BCDCD381E7C}.Debug|Any CPU.Build.0 = Debug|Any CPU
		{D9AD0AFF-03B7-4FD5-9431-7BCDCD381E7C}.Release|Any CPU.ActiveCfg = Release|Any CPU
		{D9AD0AFF-03B7-4FD5-9431-7BCDCD381E7C}.Release|Any CPU.Build.0 = Release|Any CPU
		{07782A05-6498-4B90-82CB-58C677C729F8}.Debug|Any CPU.ActiveCfg = Debug|Any CPU
		{07782A05-6498-4B90-82CB-58C677C729F8}.Debug|Any CPU.Build.0 = Debug|Any CPU
		{07782A05-6498-4B90-82CB-58C677C729F8}.Release|Any CPU.ActiveCfg = Release|Any CPU
		{07782A05-6498-4B90-82CB-58C677C729F8}.Release|Any CPU.Build.0 = Release|Any CPU
		{A4C07BFB-5085-47B8-8129-697D6498FCA5}.Debug|Any CPU.ActiveCfg = Debug|Any CPU
		{A4C07BFB-5085-47B8-8129-697D6498FCA5}.Debug|Any CPU.Build.0 = Debug|Any CPU
		{A4C07BFB-5085-47B8-8129-697D6498FCA5}.Release|Any CPU.ActiveCfg = Release|Any CPU
		{A4C07BFB-5085-47B8-8129-697D6498FCA5}.Release|Any CPU.Build.0 = Release|Any CPU
		{63E742F0-D2B0-4F7D-8296-CFC6C899E3CC}.Debug|Any CPU.ActiveCfg = Debug|Any CPU
		{63E742F0-D2B0-4F7D-8296-CFC6C899E3CC}.Debug|Any CPU.Build.0 = Debug|Any CPU
		{63E742F0-D2B0-4F7D-8296-CFC6C899E3CC}.Release|Any CPU.ActiveCfg = Release|Any CPU
		{63E742F0-D2B0-4F7D-8296-CFC6C899E3CC}.Release|Any CPU.Build.0 = Release|Any CPU
		{FCEB66EB-1F12-4074-9EBE-3345513465B4}.Debug|Any CPU.ActiveCfg = Debug|Any CPU
		{FCEB66EB-1F12-4074-9EBE-3345513465B4}.Debug|Any CPU.Build.0 = Debug|Any CPU
		{FCEB66EB-1F12-4074-9EBE-3345513465B4}.Release|Any CPU.ActiveCfg = Release|Any CPU
		{FCEB66EB-1F12-4074-9EBE-3345513465B4}.Release|Any CPU.Build.0 = Release|Any CPU
		{D0135016-58BA-48B3-A6CA-1F017C5E0B73}.Debug|Any CPU.ActiveCfg = Debug|Any CPU
		{D0135016-58BA-48B3-A6CA-1F017C5E0B73}.Debug|Any CPU.Build.0 = Debug|Any CPU
		{D0135016-58BA-48B3-A6CA-1F017C5E0B73}.Release|Any CPU.ActiveCfg = Release|Any CPU
		{D0135016-58BA-48B3-A6CA-1F017C5E0B73}.Release|Any CPU.Build.0 = Release|Any CPU
		{C6ADBD65-CC1C-4DC1-8984-CFC9E504961B}.Debug|Any CPU.ActiveCfg = Debug|Any CPU
		{C6ADBD65-CC1C-4DC1-8984-CFC9E504961B}.Debug|Any CPU.Build.0 = Debug|Any CPU
		{C6ADBD65-CC1C-4DC1-8984-CFC9E504961B}.Release|Any CPU.ActiveCfg = Release|Any CPU
		{C6ADBD65-CC1C-4DC1-8984-CFC9E504961B}.Release|Any CPU.Build.0 = Release|Any CPU
		{3D38B2E5-F655-4087-8F3A-5384D80AD91E}.Debug|Any CPU.ActiveCfg = Debug|Any CPU
		{3D38B2E5-F655-4087-8F3A-5384D80AD91E}.Debug|Any CPU.Build.0 = Debug|Any CPU
		{3D38B2E5-F655-4087-8F3A-5384D80AD91E}.Release|Any CPU.ActiveCfg = Release|Any CPU
		{3D38B2E5-F655-4087-8F3A-5384D80AD91E}.Release|Any CPU.Build.0 = Release|Any CPU
		{0AC27459-534C-4527-A7B3-4912AEAF9BB1}.Debug|Any CPU.ActiveCfg = Debug|Any CPU
		{0AC27459-534C-4527-A7B3-4912AEAF9BB1}.Debug|Any CPU.Build.0 = Debug|Any CPU
		{0AC27459-534C-4527-A7B3-4912AEAF9BB1}.Release|Any CPU.ActiveCfg = Release|Any CPU
		{0AC27459-534C-4527-A7B3-4912AEAF9BB1}.Release|Any CPU.Build.0 = Release|Any CPU
	EndGlobalSection
	GlobalSection(SolutionProperties) = preSolution
		HideSolutionNode = FALSE
	EndGlobalSection
	GlobalSection(NestedProjects) = preSolution
		{63336681-0DCA-49C1-B7B9-97B7B3CA61BD} = {63DA0DBC-3FE5-46EF-BE39-51F6E59BF816}
		{3776585E-1EEC-4FF4-873B-A29220C51C1B} = {63DA0DBC-3FE5-46EF-BE39-51F6E59BF816}
		{1F254D67-D1E1-4BC5-8BD6-FE2756F429A3} = {63DA0DBC-3FE5-46EF-BE39-51F6E59BF816}
		{693BD42B-F422-4FCE-B96C-521F8D0A8CDC} = {63DA0DBC-3FE5-46EF-BE39-51F6E59BF816}
		{13B97BFC-F7AC-413B-8BE8-3AD464C4A25D} = {63DA0DBC-3FE5-46EF-BE39-51F6E59BF816}
		{345629EE-35FA-4774-A640-984BFD30DC40} = {5FBA99E3-DE65-4C26-AB5D-84B96A2A0F6A}
		{8E301D97-A00D-41D8-9748-624EB3F5DC3B} = {5FBA99E3-DE65-4C26-AB5D-84B96A2A0F6A}
		{EF08B54D-CE3F-4444-83B9-9C14A9FB00E4} = {5FBA99E3-DE65-4C26-AB5D-84B96A2A0F6A}
		{B84CCD4F-E331-4CBC-A017-D83BB758AB42} = {5FBA99E3-DE65-4C26-AB5D-84B96A2A0F6A}
		{E7AD46E1-587C-4382-943D-DCC2EC2975CA} = {5FBA99E3-DE65-4C26-AB5D-84B96A2A0F6A}
		{D9AD0AFF-03B7-4FD5-9431-7BCDCD381E7C} = {65226D35-F12D-4188-9628-1E1F10D97005}
		{07782A05-6498-4B90-82CB-58C677C729F8} = {65226D35-F12D-4188-9628-1E1F10D97005}
		{A4C07BFB-5085-47B8-8129-697D6498FCA5} = {65226D35-F12D-4188-9628-1E1F10D97005}
		{63E742F0-D2B0-4F7D-8296-CFC6C899E3CC} = {65226D35-F12D-4188-9628-1E1F10D97005}
		{FCEB66EB-1F12-4074-9EBE-3345513465B4} = {9058C327-3198-48E6-842D-32AE1E04D61C}
		{D0135016-58BA-48B3-A6CA-1F017C5E0B73} = {9058C327-3198-48E6-842D-32AE1E04D61C}
		{C6ADBD65-CC1C-4DC1-8984-CFC9E504961B} = {9058C327-3198-48E6-842D-32AE1E04D61C}
		{3D38B2E5-F655-4087-8F3A-5384D80AD91E} = {9058C327-3198-48E6-842D-32AE1E04D61C}
		{0AC27459-534C-4527-A7B3-4912AEAF9BB1} = {79C0C7D8-969B-40A0-88FA-158197377388}
	EndGlobalSection
	GlobalSection(ExtensibilityGlobals) = postSolution
		SolutionGuid = {41095CCD-3964-4205-8823-601A2F6D6B33}
	EndGlobalSection
EndGlobal
